// !$*UTF8*$!
{
	archiveVersion = 1;
	classes = {
	};
	objectVersion = 77;
	objects = {

/* Begin PBXBuildFile section */
		235ED6FC2EC9EEB7001DB9BD /* ArgumentParser in Frameworks */ = {isa = PBXBuildFile; productRef = 235ED6FB2EC9EEB7001DB9BD /* ArgumentParser */; };
		235ED7052ECA070D001DB9BD /* XcodebuildNvimPreview in Frameworks */ = {isa = PBXBuildFile; productRef = 235ED7042ECA070D001DB9BD /* XcodebuildNvimPreview */; };
		985B868A377D564E7064546B /* ContentView.swift in Sources */ = {isa = PBXBuildFile; fileRef = AE9EDAB4BB1A8DD70D902B3B /* ContentView.swift */; };
		F885796C2CDE43028070A1BD /* Constants.swift in Sources */ = {isa = PBXBuildFile; fileRef = BEC34C81B618CB8A7C91FB59 /* Constants.swift */; };
		FC17E658824B45BDF8EA6AAE /* HomeView.swift in Sources */ = {isa = PBXBuildFile; fileRef = 81B143798D71DF81F56CAB1B /* HomeView.swift */; };
/* End PBXBuildFile section */

/* Begin PBXFileReference section */
		235ED6EC2EC9EEAB001DB9BD /* BFlix.app */ = {isa = PBXFileReference; explicitFileType = wrapper.application; includeInIndex = 0; path = BFlix.app; sourceTree = BUILT_PRODUCTS_DIR; };
		81B143798D71DF81F56CAB1B /* HomeView.swift */ = {isa = PBXFileReference; explicitFileType = sourcecode.swift; path = HomeView.swift; sourceTree = "<group>"; };
		AE9EDAB4BB1A8DD70D902B3B /* ContentView.swift */ = {isa = PBXFileReference; explicitFileType = sourcecode.swift; path = ContentView.swift; sourceTree = "<group>"; };
		BEC34C81B618CB8A7C91FB59 /* Constants.swift */ = {isa = PBXFileReference; explicitFileType = sourcecode.swift; path = Constants.swift; sourceTree = "<group>"; };
/* End PBXFileReference section */

/* Begin PBXFileSystemSynchronizedRootGroup section */
		235ED6EE2EC9EEAB001DB9BD /* BFlix */ = {
			isa = PBXFileSystemSynchronizedRootGroup;
			path = BFlix;
			sourceTree = "<group>";
		};
/* End PBXFileSystemSynchronizedRootGroup section */

/* Begin PBXFrameworksBuildPhase section */
		235ED6E92EC9EEAB001DB9BD /* Frameworks */ = {
			isa = PBXFrameworksBuildPhase;
			buildActionMask = 2147483647;
			files = (
				235ED7052ECA070D001DB9BD /* XcodebuildNvimPreview in Frameworks */,
				235ED6FC2EC9EEB7001DB9BD /* ArgumentParser in Frameworks */,
			);
			runOnlyForDeploymentPostprocessing = 0;
		};
/* End PBXFrameworksBuildPhase section */

/* Begin PBXGroup section */
		235ED6E32EC9EEAB001DB9BD = {
			isa = PBXGroup;
			children = (
				235ED6EE2EC9EEAB001DB9BD /* BFlix */,
				235ED6ED2EC9EEAB001DB9BD /* Products */,
				B5F555FF074A0CDB1893DA33 /* BFlix */,
			);
			sourceTree = "<group>";
		};
		235ED6ED2EC9EEAB001DB9BD /* Products */ = {
			isa = PBXGroup;
			children = (
				235ED6EC2EC9EEAB001DB9BD /* BFlix.app */,
			);
			name = Products;
			sourceTree = "<group>";
		};
		B5F555FF074A0CDB1893DA33 /* BFlix */ = {
			isa = PBXGroup;
			children = (
				AE9EDAB4BB1A8DD70D902B3B /* ContentView.swift */,
				BEC34C81B618CB8A7C91FB59 /* Constants.swift */,
				81B143798D71DF81F56CAB1B /* HomeView.swift */,
			);
			path = BFlix;
			sourceTree = "<group>";
		};
/* End PBXGroup section */

/* Begin PBXNativeTarget section */
		235ED6EB2EC9EEAB001DB9BD /* BFlix */ = {
			isa = PBXNativeTarget;
			buildConfigurationList = 235ED6F72EC9EEAC001DB9BD /* Build configuration list for PBXNativeTarget "BFlix" */;
			buildPhases = (
				235ED6E82EC9EEAB001DB9BD /* Sources */,
				235ED6E92EC9EEAB001DB9BD /* Frameworks */,
				235ED6EA2EC9EEAB001DB9BD /* Resources */,
			);
			buildRules = (
			);
			dependencies = (
			);
			fileSystemSynchronizedGroups = (
				235ED6EE2EC9EEAB001DB9BD /* BFlix */,
			);
			name = BFlix;
			packageProductDependencies = (
				235ED6FB2EC9EEB7001DB9BD /* ArgumentParser */,
				235ED7042ECA070D001DB9BD /* XcodebuildNvimPreview */,
			);
			productName = BFlix;
			productReference = 235ED6EC2EC9EEAB001DB9BD /* BFlix.app */;
			productType = "com.apple.product-type.application";
		};
/* End PBXNativeTarget section */

/* Begin PBXProject section */
		235ED6E42EC9EEAB001DB9BD /* Project object */ = {
			isa = PBXProject;
			attributes = {
				BuildIndependentTargetsInParallel = 1;
				LastSwiftUpdateCheck = 2610;
				LastUpgradeCheck = 2610;
				TargetAttributes = {
					235ED6EB2EC9EEAB001DB9BD = {
						CreatedOnToolsVersion = 26.1.1;
					};
				};
			};
			buildConfigurationList = 235ED6E72EC9EEAB001DB9BD /* Build configuration list for PBXProject "BFlix" */;
			developmentRegion = en;
			hasScannedForEncodings = 0;
			knownRegions = (
				en,
				Base,
			);
			mainGroup = 235ED6E32EC9EEAB001DB9BD;
			minimizedProjectReferenceProxies = 1;
			packageReferences = (
				235ED6FA2EC9EEB7001DB9BD /* XCRemoteSwiftPackageReference "swift-argument-parser" */,
				235ED7032ECA070D001DB9BD /* XCRemoteSwiftPackageReference "xcodebuild-nvim-preview" */,
			);
			preferredProjectObjectVersion = 77;
			productRefGroup = 235ED6ED2EC9EEAB001DB9BD /* Products */;
			projectDirPath = "";
			projectRoot = "";
			targets = (
				235ED6EB2EC9EEAB001DB9BD /* BFlix */,
			);
		};
/* End PBXProject section */

/* Begin PBXResourcesBuildPhase section */
		235ED6EA2EC9EEAB001DB9BD /* Resources */ = {
			isa = PBXResourcesBuildPhase;
			buildActionMask = 2147483647;
			files = (
			);
			runOnlyForDeploymentPostprocessing = 0;
		};
/* End PBXResourcesBuildPhase section */

/* Begin PBXSourcesBuildPhase section */
		235ED6E82EC9EEAB001DB9BD /* Sources */ = {
			isa = PBXSourcesBuildPhase;
			buildActionMask = 2147483647;
			files = (
				985B868A377D564E7064546B /* ContentView.swift in Sources */,
				F885796C2CDE43028070A1BD /* Constants.swift in Sources */,
				FC17E658824B45BDF8EA6AAE /* HomeView.swift in Sources */,
			);
			runOnlyForDeploymentPostprocessing = 0;
		};
/* End PBXSourcesBuildPhase section */

/* Begin XCBuildConfiguration section */
		235ED6F52EC9EEAC001DB9BD /* Debug */ = {
			isa = XCBuildConfiguration;
			buildSettings = {
				ALWAYS_SEARCH_USER_PATHS = NO;
				ASSETCATALOG_COMPILER_GENERATE_SWIFT_ASSET_SYMBOL_EXTENSIONS = YES;
				CLANG_ANALYZER_NONNULL = YES;
				CLANG_ANALYZER_NUMBER_OBJECT_CONVERSION = YES_AGGRESSIVE;
				CLANG_CXX_LANGUAGE_STANDARD = "gnu++20";
				CLANG_ENABLE_MODULES = YES;
				CLANG_ENABLE_OBJC_ARC = YES;
				CLANG_ENABLE_OBJC_WEAK = YES;
				CLANG_WARN_BLOCK_CAPTURE_AUTORELEASING = YES;
				CLANG_WARN_BOOL_CONVERSION = YES;
				CLANG_WARN_COMMA = YES;
				CLANG_WARN_CONSTANT_CONVERSION = YES;
				CLANG_WARN_DEPRECATED_OBJC_IMPLEMENTATIONS = YES;
				CLANG_WARN_DIRECT_OBJC_ISA_USAGE = YES_ERROR;
				CLANG_WARN_DOCUMENTATION_COMMENTS = YES;
				CLANG_WARN_EMPTY_BODY = YES;
				CLANG_WARN_ENUM_CONVERSION = YES;
				CLANG_WARN_INFINITE_RECURSION = YES;
				CLANG_WARN_INT_CONVERSION = YES;
				CLANG_WARN_NON_LITERAL_NULL_CONVERSION = YES;
				CLANG_WARN_OBJC_IMPLICIT_RETAIN_SELF = YES;
				CLANG_WARN_OBJC_LITERAL_CONVERSION = YES;
				CLANG_WARN_OBJC_ROOT_CLASS = YES_ERROR;
				CLANG_WARN_QUOTED_INCLUDE_IN_FRAMEWORK_HEADER = YES;
				CLANG_WARN_RANGE_LOOP_ANALYSIS = YES;
				CLANG_WARN_STRICT_PROTOTYPES = YES;
				CLANG_WARN_SUSPICIOUS_MOVE = YES;
				CLANG_WARN_UNGUARDED_AVAILABILITY = YES_AGGRESSIVE;
				CLANG_WARN_UNREACHABLE_CODE = YES;
				CLANG_WARN__DUPLICATE_METHOD_MATCH = YES;
				COPY_PHASE_STRIP = NO;
				DEBUG_INFORMATION_FORMAT = dwarf;
				DEVELOPMENT_TEAM = CMUJ3Z33NU;
				ENABLE_STRICT_OBJC_MSGSEND = YES;
				ENABLE_TESTABILITY = YES;
				ENABLE_USER_SCRIPT_SANDBOXING = YES;
				GCC_C_LANGUAGE_STANDARD = gnu17;
				GCC_DYNAMIC_NO_PIC = NO;
				GCC_NO_COMMON_BLOCKS = YES;
				GCC_OPTIMIZATION_LEVEL = 0;
				GCC_PREPROCESSOR_DEFINITIONS = (
					"DEBUG=1",
					"$(inherited)",
				);
				GCC_WARN_64_TO_32_BIT_CONVERSION = YES;
				GCC_WARN_ABOUT_RETURN_TYPE = YES_ERROR;
				GCC_WARN_UNDECLARED_SELECTOR = YES;
				GCC_WARN_UNINITIALIZED_AUTOS = YES_AGGRESSIVE;
				GCC_WARN_UNUSED_FUNCTION = YES;
				GCC_WARN_UNUSED_VARIABLE = YES;
				IPHONEOS_DEPLOYMENT_TARGET = 26.1;
				LOCALIZATION_PREFERS_STRING_CATALOGS = YES;
				MTL_ENABLE_DEBUG_INFO = INCLUDE_SOURCE;
				MTL_FAST_MATH = YES;
				ONLY_ACTIVE_ARCH = YES;
				SDKROOT = iphoneos;
				SWIFT_ACTIVE_COMPILATION_CONDITIONS = "DEBUG $(inherited)";
				SWIFT_OPTIMIZATION_LEVEL = "-Onone";
			};
			name = Debug;
		};
		235ED6F62EC9EEAC001DB9BD /* Release */ = {
			isa = XCBuildConfiguration;
			buildSettings = {
				ALWAYS_SEARCH_USER_PATHS = NO;
				ASSETCATALOG_COMPILER_GENERATE_SWIFT_ASSET_SYMBOL_EXTENSIONS = YES;
				CLANG_ANALYZER_NONNULL = YES;
				CLANG_ANALYZER_NUMBER_OBJECT_CONVERSION = YES_AGGRESSIVE;
				CLANG_CXX_LANGUAGE_STANDARD = "gnu++20";
				CLANG_ENABLE_MODULES = YES;
				CLANG_ENABLE_OBJC_ARC = YES;
				CLANG_ENABLE_OBJC_WEAK = YES;
				CLANG_WARN_BLOCK_CAPTURE_AUTORELEASING = YES;
				CLANG_WARN_BOOL_CONVERSION = YES;
				CLANG_WARN_COMMA = YES;
				CLANG_WARN_CONSTANT_CONVERSION = YES;
				CLANG_WARN_DEPRECATED_OBJC_IMPLEMENTATIONS = YES;
				CLANG_WARN_DIRECT_OBJC_ISA_USAGE = YES_ERROR;
				CLANG_WARN_DOCUMENTATION_COMMENTS = YES;
				CLANG_WARN_EMPTY_BODY = YES;
				CLANG_WARN_ENUM_CONVERSION = YES;
				CLANG_WARN_INFINITE_RECURSION = YES;
				CLANG_WARN_INT_CONVERSION = YES;
				CLANG_WARN_NON_LITERAL_NULL_CONVERSION = YES;
				CLANG_WARN_OBJC_IMPLICIT_RETAIN_SELF = YES;
				CLANG_WARN_OBJC_LITERAL_CONVERSION = YES;
				CLANG_WARN_OBJC_ROOT_CLASS = YES_ERROR;
				CLANG_WARN_QUOTED_INCLUDE_IN_FRAMEWORK_HEADER = YES;
				CLANG_WARN_RANGE_LOOP_ANALYSIS = YES;
				CLANG_WARN_STRICT_PROTOTYPES = YES;
				CLANG_WARN_SUSPICIOUS_MOVE = YES;
				CLANG_WARN_UNGUARDED_AVAILABILITY = YES_AGGRESSIVE;
				CLANG_WARN_UNREACHABLE_CODE = YES;
				CLANG_WARN__DUPLICATE_METHOD_MATCH = YES;
				COPY_PHASE_STRIP = NO;
				DEBUG_INFORMATION_FORMAT = "dwarf-with-dsym";
				DEVELOPMENT_TEAM = CMUJ3Z33NU;
				ENABLE_NS_ASSERTIONS = NO;
				ENABLE_STRICT_OBJC_MSGSEND = YES;
				ENABLE_USER_SCRIPT_SANDBOXING = YES;
				GCC_C_LANGUAGE_STANDARD = gnu17;
				GCC_NO_COMMON_BLOCKS = YES;
				GCC_WARN_64_TO_32_BIT_CONVERSION = YES;
				GCC_WARN_ABOUT_RETURN_TYPE = YES_ERROR;
				GCC_WARN_UNDECLARED_SELECTOR = YES;
				GCC_WARN_UNINITIALIZED_AUTOS = YES_AGGRESSIVE;
				GCC_WARN_UNUSED_FUNCTION = YES;
				GCC_WARN_UNUSED_VARIABLE = YES;
				IPHONEOS_DEPLOYMENT_TARGET = 26.1;
				LOCALIZATION_PREFERS_STRING_CATALOGS = YES;
				MTL_ENABLE_DEBUG_INFO = NO;
				MTL_FAST_MATH = YES;
				SDKROOT = iphoneos;
				SWIFT_COMPILATION_MODE = wholemodule;
				VALIDATE_PRODUCT = YES;
			};
			name = Release;
		};
		235ED6F82EC9EEAC001DB9BD /* Debug */ = {
			isa = XCBuildConfiguration;
			buildSettings = {
				ASSETCATALOG_COMPILER_APPICON_NAME = AppIcon;
				ASSETCATALOG_COMPILER_GLOBAL_ACCENT_COLOR_NAME = AccentColor;
				CODE_SIGN_STYLE = Automatic;
				CURRENT_PROJECT_VERSION = 1;
				DEVELOPMENT_TEAM = CMUJ3Z33NU;
				ENABLE_PREVIEWS = YES;
				GENERATE_INFOPLIST_FILE = YES;
				INFOPLIST_KEY_UIApplicationSceneManifest_Generation = YES;
				INFOPLIST_KEY_UIApplicationSupportsIndirectInputEvents = YES;
				INFOPLIST_KEY_UILaunchScreen_Generation = YES;
				INFOPLIST_KEY_UISupportedInterfaceOrientations_iPad = "UIInterfaceOrientationPortrait UIInterfaceOrientationPortraitUpsideDown UIInterfaceOrientationLandscapeLeft UIInterfaceOrientationLandscapeRight";
				INFOPLIST_KEY_UISupportedInterfaceOrientations_iPhone = "UIInterfaceOrientationPortrait UIInterfaceOrientationLandscapeLeft UIInterfaceOrientationLandscapeRight";
				LD_RUNPATH_SEARCH_PATHS = (
					"$(inherited)",
					"@executable_path/Frameworks",
				);
				MARKETING_VERSION = 1.0;
				PRODUCT_BUNDLE_IDENTIFIER = com.BFlixBuild.BFlix;
				PRODUCT_NAME = "$(TARGET_NAME)";
				STRING_CATALOG_GENERATE_SYMBOLS = YES;
				SWIFT_APPROACHABLE_CONCURRENCY = YES;
				SWIFT_DEFAULT_ACTOR_ISOLATION = MainActor;
				SWIFT_EMIT_LOC_STRINGS = YES;
				SWIFT_UPCOMING_FEATURE_MEMBER_IMPORT_VISIBILITY = YES;
				SWIFT_VERSION = 5.0;
				TARGETED_DEVICE_FAMILY = "1,2";
			};
			name = Debug;
		};
		235ED6F92EC9EEAC001DB9BD /* Release */ = {
			isa = XCBuildConfiguration;
			buildSettings = {
				ASSETCATALOG_COMPILER_APPICON_NAME = AppIcon;
				ASSETCATALOG_COMPILER_GLOBAL_ACCENT_COLOR_NAME = AccentColor;
				CODE_SIGN_STYLE = Automatic;
				CURRENT_PROJECT_VERSION = 1;
				DEVELOPMENT_TEAM = CMUJ3Z33NU;
				ENABLE_PREVIEWS = YES;
				GENERATE_INFOPLIST_FILE = YES;
				INFOPLIST_KEY_UIApplicationSceneManifest_Generation = YES;
				INFOPLIST_KEY_UIApplicationSupportsIndirectInputEvents = YES;
				INFOPLIST_KEY_UILaunchScreen_Generation = YES;
				INFOPLIST_KEY_UISupportedInterfaceOrientations_iPad = "UIInterfaceOrientationPortrait UIInterfaceOrientationPortraitUpsideDown UIInterfaceOrientationLandscapeLeft UIInterfaceOrientationLandscapeRight";
				INFOPLIST_KEY_UISupportedInterfaceOrientations_iPhone = "UIInterfaceOrientationPortrait UIInterfaceOrientationLandscapeLeft UIInterfaceOrientationLandscapeRight";
				LD_RUNPATH_SEARCH_PATHS = (
					"$(inherited)",
					"@executable_path/Frameworks",
				);
				MARKETING_VERSION = 1.0;
				PRODUCT_BUNDLE_IDENTIFIER = com.BFlixBuild.BFlix;
				PRODUCT_NAME = "$(TARGET_NAME)";
				STRING_CATALOG_GENERATE_SYMBOLS = YES;
				SWIFT_APPROACHABLE_CONCURRENCY = YES;
				SWIFT_DEFAULT_ACTOR_ISOLATION = MainActor;
				SWIFT_EMIT_LOC_STRINGS = YES;
				SWIFT_UPCOMING_FEATURE_MEMBER_IMPORT_VISIBILITY = YES;
				SWIFT_VERSION = 5.0;
				TARGETED_DEVICE_FAMILY = "1,2";
			};
			name = Release;
		};
/* End XCBuildConfiguration section */

/* Begin XCConfigurationList section */
		235ED6E72EC9EEAB001DB9BD /* Build configuration list for PBXProject "BFlix" */ = {
			isa = XCConfigurationList;
			buildConfigurations = (
				235ED6F52EC9EEAC001DB9BD /* Debug */,
				235ED6F62EC9EEAC001DB9BD /* Release */,
			);
			defaultConfigurationIsVisible = 0;
			defaultConfigurationName = Release;
		};
		235ED6F72EC9EEAC001DB9BD /* Build configuration list for PBXNativeTarget "BFlix" */ = {
			isa = XCConfigurationList;
			buildConfigurations = (
				235ED6F82EC9EEAC001DB9BD /* Debug */,
				235ED6F92EC9EEAC001DB9BD /* Release */,
			);
			defaultConfigurationIsVisible = 0;
			defaultConfigurationName = Release;
		};
/* End XCConfigurationList section */

/* Begin XCRemoteSwiftPackageReference section */
		235ED6FA2EC9EEB7001DB9BD /* XCRemoteSwiftPackageReference "swift-argument-parser" */ = {
			isa = XCRemoteSwiftPackageReference;
			repositoryURL = "https://github.com/apple/swift-argument-parser.git";
			requirement = {
				kind = upToNextMajorVersion;
				minimumVersion = 1.6.2;
			};
		};
		235ED7032ECA070D001DB9BD /* XCRemoteSwiftPackageReference "xcodebuild-nvim-preview" */ = {
			isa = XCRemoteSwiftPackageReference;
			repositoryURL = "https://github.com/wojciech-kulik/xcodebuild-nvim-preview.git";
			requirement = {
				kind = upToNextMajorVersion;
				minimumVersion = 1.0.11;
			};
		};
/* End XCRemoteSwiftPackageReference section */

/* Begin XCSwiftPackageProductDependency section */
		235ED6FB2EC9EEB7001DB9BD /* ArgumentParser */ = {
			isa = XCSwiftPackageProductDependency;
			package = 235ED6FA2EC9EEB7001DB9BD /* XCRemoteSwiftPackageReference "swift-argument-parser" */;
			productName = ArgumentParser;
		};
		235ED7042ECA070D001DB9BD /* XcodebuildNvimPreview */ = {
			isa = XCSwiftPackageProductDependency;
			package = 235ED7032ECA070D001DB9BD /* XCRemoteSwiftPackageReference "xcodebuild-nvim-preview" */;
			productName = XcodebuildNvimPreview;
		};
/* End XCSwiftPackageProductDependency section */
	};
	rootObject = 235ED6E42EC9EEAB001DB9BD /* Project object */;
}
